// !$*UTF8*$!
{
	archiveVersion = 1;
	classes = {
	};
	objectVersion = 50;
	objects = {

/* Begin PBXBuildFile section */
		23C6596B22FC80F100E2E2BD /* AppDelegate.swift in Sources */ = {isa = PBXBuildFile; fileRef = 23C6596A22FC80F100E2E2BD /* AppDelegate.swift */; };
		23C6596D22FC80F100E2E2BD /* ViewController.swift in Sources */ = {isa = PBXBuildFile; fileRef = 23C6596C22FC80F100E2E2BD /* ViewController.swift */; };
		23C6597022FC80F100E2E2BD /* Main.storyboard in Resources */ = {isa = PBXBuildFile; fileRef = 23C6596E22FC80F100E2E2BD /* Main.storyboard */; };
		23C6597222FC80F200E2E2BD /* Assets.xcassets in Resources */ = {isa = PBXBuildFile; fileRef = 23C6597122FC80F200E2E2BD /* Assets.xcassets */; };
		23C6597522FC80F200E2E2BD /* LaunchScreen.storyboard in Resources */ = {isa = PBXBuildFile; fileRef = 23C6597322FC80F200E2E2BD /* LaunchScreen.storyboard */; };
/* End PBXBuildFile section */

/* Begin PBXFileReference section */
		23C6596722FC80F100E2E2BD /* mkmapview.app */ = {isa = PBXFileReference; explicitFileType = wrapper.application; includeInIndex = 0; path = mkmapview.app; sourceTree = BUILT_PRODUCTS_DIR; };
		23C6596A22FC80F100E2E2BD /* AppDelegate.swift */ = {isa = PBXFileReference; lastKnownFileType = sourcecode.swift; path = AppDelegate.swift; sourceTree = "<group>"; };
		23C6596C22FC80F100E2E2BD /* ViewController.swift */ = {isa = PBXFileReference; lastKnownFileType = sourcecode.swift; path = ViewController.swift; sourceTree = "<group>"; };
		23C6596F22FC80F100E2E2BD /* Base */ = {isa = PBXFileReference; lastKnownFileType = file.storyboard; name = Base; path = Base.lproj/Main.storyboard; sourceTree = "<group>"; };
		23C6597122FC80F200E2E2BD /* Assets.xcassets */ = {isa = PBXFileReference; lastKnownFileType = folder.assetcatalog; path = Assets.xcassets; sourceTree = "<group>"; };
		23C6597422FC80F200E2E2BD /* Base */ = {isa = PBXFileReference; lastKnownFileType = file.storyboard; name = Base; path = Base.lproj/LaunchScreen.storyboard; sourceTree = "<group>"; };
		23C6597622FC80F200E2E2BD /* Info.plist */ = {isa = PBXFileReference; lastKnownFileType = text.plist.xml; path = Info.plist; sourceTree = "<group>"; };
/* End PBXFileReference section */

/* Begin PBXFrameworksBuildPhase section */
		23C6596422FC80F100E2E2BD /* Frameworks */ = {
			isa = PBXFrameworksBuildPhase;
			buildActionMask = 2147483647;
			files = (
			);
			runOnlyForDeploymentPostprocessing = 0;
		};
/* End PBXFrameworksBuildPhase section */

/* Begin PBXGroup section */
		23C6595E22FC80F100E2E2BD = {
			isa = PBXGroup;
			children = (
				23C6596922FC80F100E2E2BD /* mkmapview */,
				23C6596822FC80F100E2E2BD /* Products */,
			);
			sourceTree = "<group>";
		};
		23C6596822FC80F100E2E2BD /* Products */ = {
			isa = PBXGroup;
			children = (
				23C6596722FC80F100E2E2BD /* mkmapview.app */,
			);
			name = Products;
			sourceTree = "<group>";
		};
		23C6596922FC80F100E2E2BD /* mkmapview */ = {
			isa = PBXGroup;
			children = (
				23C6596A22FC80F100E2E2BD /* AppDelegate.swift */,
				23C6596C22FC80F100E2E2BD /* ViewController.swift */,
				23C6596E22FC80F100E2E2BD /* Main.storyboard */,
				23C6597122FC80F200E2E2BD /* Assets.xcassets */,
				23C6597322FC80F200E2E2BD /* LaunchScreen.storyboard */,
				23C6597622FC80F200E2E2BD /* Info.plist */,
			);
			path = mkmapview;
			sourceTree = "<group>";
		};
/* End PBXGroup section */

/* Begin PBXNativeTarget section */
		23C6596622FC80F100E2E2BD /* mkmapview */ = {
			isa = PBXNativeTarget;
			buildConfigurationList = 23C6597922FC80F200E2E2BD /* Build configuration list for PBXNativeTarget "mkmapview" */;
			buildPhases = (
				23C6596322FC80F100E2E2BD /* Sources */,
				23C6596422FC80F100E2E2BD /* Frameworks */,
				23C6596522FC80F100E2E2BD /* Resources */,
			);
			buildRules = (
			);
			dependencies = (
			);
			name = mkmapview;
			productName = mkmapview;
			productReference = 23C6596722FC80F100E2E2BD /* mkmapview.app */;
			productType = "com.apple.product-type.application";
		};
/* End PBXNativeTarget section */

/* Begin PBXProject section */
		23C6595F22FC80F100E2E2BD /* Project object */ = {
			isa = PBXProject;
			attributes = {
				LastSwiftUpdateCheck = 1030;
				LastUpgradeCheck = 1030;
				ORGANIZATIONNAME = "Colin Milhench";
				TargetAttributes = {
					23C6596622FC80F100E2E2BD = {
						CreatedOnToolsVersion = 10.3;
					};
				};
			};
			buildConfigurationList = 23C6596222FC80F100E2E2BD /* Build configuration list for PBXProject "mkmapview" */;
			compatibilityVersion = "Xcode 9.3";
			developmentRegion = en;
			hasScannedForEncodings = 0;
			knownRegions = (
				en,
				Base,
			);
			mainGroup = 23C6595E22FC80F100E2E2BD;
			productRefGroup = 23C6596822FC80F100E2E2BD /* Products */;
			projectDirPath = "";
			projectRoot = "";
			targets = (
				23C6596622FC80F100E2E2BD /* mkmapview */,
			);
		};
/* End PBXProject section */

/* Begin PBXResourcesBuildPhase section */
		23C6596522FC80F100E2E2BD /* Resources */ = {
			isa = PBXResourcesBuildPhase;
			buildActionMask = 2147483647;
			files = (
				23C6597522FC80F200E2E2BD /* LaunchScreen.storyboard in Resources */,
				23C6597222FC80F200E2E2BD /* Assets.xcassets in Resources */,
				23C6597022FC80F100E2E2BD /* Main.storyboard in Resources */,
			);
			runOnlyForDeploymentPostprocessing = 0;
		};
/* End PBXResourcesBuildPhase section */

/* Begin PBXSourcesBuildPhase section */
		23C6596322FC80F100E2E2BD /* Sources */ = {
			isa = PBXSourcesBuildPhase;
			buildActionMask = 2147483647;
			files = (
				23C6596D22FC80F100E2E2BD /* ViewController.swift in Sources */,
				23C6596B22FC80F100E2E2BD /* AppDelegate.swift in Sources */,
			);
			runOnlyForDeploymentPostprocessing = 0;
		};
/* End PBXSourcesBuildPhase section */

/* Begin PBXVariantGroup section */
		23C6596E22FC80F100E2E2BD /* Main.storyboard */ = {
			isa = PBXVariantGroup;
			children = (
				23C6596F22FC80F100E2E2BD /* Base */,
			);
			name = Main.storyboard;
			sourceTree = "<group>";
		};
		23C6597322FC80F200E2E2BD /* LaunchScreen.storyboard */ = {
			isa = PBXVariantGroup;
			children = (
				23C6597422FC80F200E2E2BD /* Base */,
			);
			name = LaunchScreen.storyboard;
			sourceTree = "<group>";
		};
/* End PBXVariantGroup section */

/* Begin XCBuildConfiguration section */
		23C6597722FC80F200E2E2BD /* Debug */ = {
			isa = XCBuildConfiguration;
			buildSettings = {
				ALWAYS_SEARCH_USER_PATHS = NO;
				CLANG_ANALYZER_NONNULL = YES;
				CLANG_ANALYZER_NUMBER_OBJECT_CONVERSION = YES_AGGRESSIVE;
				CLANG_CXX_LANGUAGE_STANDARD = "gnu++14";
				CLANG_CXX_LIBRARY = "libc++";
				CLANG_ENABLE_MODULES = YES;
				CLANG_ENABLE_OBJC_ARC = YES;
				CLANG_ENABLE_OBJC_WEAK = YES;
				CLANG_WARN_BLOCK_CAPTURE_AUTORELEASING = YES;
				CLANG_WARN_BOOL_CONVERSION = YES;
				CLANG_WARN_COMMA = YES;
				CLANG_WARN_CONSTANT_CONVERSION = YES;
				CLANG_WARN_DEPRECATED_OBJC_IMPLEMENTATIONS = YES;
				CLANG_WARN_DIRECT_OBJC_ISA_USAGE = YES_ERROR;
				CLANG_WARN_DOCUMENTATION_COMMENTS = YES;
				CLANG_WARN_EMPTY_BODY = YES;
				CLANG_WARN_ENUM_CONVERSION = YES;
				CLANG_WARN_INFINITE_RECURSION = YES;
				CLANG_WARN_INT_CONVERSION = YES;
				CLANG_WARN_NON_LITERAL_NULL_CONVERSION = YES;
				CLANG_WARN_OBJC_IMPLICIT_RETAIN_SELF = YES;
				CLANG_WARN_OBJC_LITERAL_CONVERSION = YES;
				CLANG_WARN_OBJC_ROOT_CLASS = YES_ERROR;
				CLANG_WARN_RANGE_LOOP_ANALYSIS = YES;
				CLANG_WARN_STRICT_PROTOTYPES = YES;
				CLANG_WARN_SUSPICIOUS_MOVE = YES;
				CLANG_WARN_UNGUARDED_AVAILABILITY = YES_AGGRESSIVE;
				CLANG_WARN_UNREACHABLE_CODE = YES;
				CLANG_WARN__DUPLICATE_METHOD_MATCH = YES;
				CODE_SIGN_IDENTITY = "iPhone Developer";
				COPY_PHASE_STRIP = NO;
				DEBUG_INFORMATION_FORMAT = dwarf;
				ENABLE_STRICT_OBJC_MSGSEND = YES;
				ENABLE_TESTABILITY = YES;
				GCC_C_LANGUAGE_STANDARD = gnu11;
				GCC_DYNAMIC_NO_PIC = NO;
				GCC_NO_COMMON_BLOCKS = YES;
				GCC_OPTIMIZATION_LEVEL = 0;
				GCC_PREPROCESSOR_DEFINITIONS = (
					"DEBUG=1",
					"$(inherited)",
				);
				GCC_WARN_64_TO_32_BIT_CONVERSION = YES;
				GCC_WARN_ABOUT_RETURN_TYPE = YES_ERROR;
				GCC_WARN_UNDECLARED_SELECTOR = YES;
				GCC_WARN_UNINITIALIZED_AUTOS = YES_AGGRESSIVE;
				GCC_WARN_UNUSED_FUNCTION = YES;
				GCC_WARN_UNUSED_VARIABLE = YES;
				IPHONEOS_DEPLOYMENT_TARGET = 12.4;
				MTL_ENABLE_DEBUG_INFO = INCLUDE_SOURCE;
				MTL_FAST_MATH = YES;
				ONLY_ACTIVE_ARCH = YES;
				SDKROOT = iphoneos;
				SWIFT_ACTIVE_COMPILATION_CONDITIONS = DEBUG;
				SWIFT_OPTIMIZATION_LEVEL = "-Onone";
			};
			name = Debug;
		};
		23C6597822FC80F200E2E2BD /* Release */ = {
			isa = XCBuildConfiguration;
			buildSettings = {
				ALWAYS_SEARCH_USER_PATHS = NO;
				CLANG_ANALYZER_NONNULL = YES;
				CLANG_ANALYZER_NUMBER_OBJECT_CONVERSION = YES_AGGRESSIVE;
				CLANG_CXX_LANGUAGE_STANDARD = "gnu++14";
				CLANG_CXX_LIBRARY = "libc++";
				CLANG_ENABLE_MODULES = YES;
				CLANG_ENABLE_OBJC_ARC = YES;
				CLANG_ENABLE_OBJC_WEAK = YES;
				CLANG_WARN_BLOCK_CAPTURE_AUTORELEASING = YES;
				CLANG_WARN_BOOL_CONVERSION = YES;
				CLANG_WARN_COMMA = YES;
				CLANG_WARN_CONSTANT_CONVERSION = YES;
				CLANG_WARN_DEPRECATED_OBJC_IMPLEMENTATIONS = YES;
				CLANG_WARN_DIRECT_OBJC_ISA_USAGE = YES_ERROR;
				CLANG_WARN_DOCUMENTATION_COMMENTS = YES;
				CLANG_WARN_EMPTY_BODY = YES;
				CLANG_WARN_ENUM_CONVERSION = YES;
				CLANG_WARN_INFINITE_RECURSION = YES;
				CLANG_WARN_INT_CONVERSION = YES;
				CLANG_WARN_NON_LITERAL_NULL_CONVERSION = YES;
				CLANG_WARN_OBJC_IMPLICIT_RETAIN_SELF = YES;
				CLANG_WARN_OBJC_LITERAL_CONVERSION = YES;
				CLANG_WARN_OBJC_ROOT_CLASS = YES_ERROR;
				CLANG_WARN_RANGE_LOOP_ANALYSIS = YES;
				CLANG_WARN_STRICT_PROTOTYPES = YES;
				CLANG_WARN_SUSPICIOUS_MOVE = YES;
				CLANG_WARN_UNGUARDED_AVAILABILITY = YES_AGGRESSIVE;
				CLANG_WARN_UNREACHABLE_CODE = YES;
				CLANG_WARN__DUPLICATE_METHOD_MATCH = YES;
				CODE_SIGN_IDENTITY = "iPhone Developer";
				COPY_PHASE_STRIP = NO;
				DEBUG_INFORMATION_FORMAT = "dwarf-with-dsym";
				ENABLE_NS_ASSERTIONS = NO;
				ENABLE_STRICT_OBJC_MSGSEND = YES;
				GCC_C_LANGUAGE_STANDARD = gnu11;
				GCC_NO_COMMON_BLOCKS = YES;
				GCC_WARN_64_TO_32_BIT_CONVERSION = YES;
				GCC_WARN_ABOUT_RETURN_TYPE = YES_ERROR;
				GCC_WARN_UNDECLARED_SELECTOR = YES;
				GCC_WARN_UNINITIALIZED_AUTOS = YES_AGGRESSIVE;
				GCC_WARN_UNUSED_FUNCTION = YES;
				GCC_WARN_UNUSED_VARIABLE = YES;
				IPHONEOS_DEPLOYMENT_TARGET = 12.4;
				MTL_ENABLE_DEBUG_INFO = NO;
				MTL_FAST_MATH = YES;
				SDKROOT = iphoneos;
				SWIFT_COMPILATION_MODE = wholemodule;
				SWIFT_OPTIMIZATION_LEVEL = "-O";
				VALIDATE_PRODUCT = YES;
			};
			name = Release;
		};
		23C6597A22FC80F200E2E2BD /* Debug */ = {
			isa = XCBuildConfiguration;
			buildSettings = {
				ASSETCATALOG_COMPILER_APPICON_NAME = AppIcon;
				CODE_SIGN_STYLE = Automatic;
				DEVELOPMENT_TEAM = A45UT7X2TX;
				INFOPLIST_FILE = mkmapview/Info.plist;
				LD_RUNPATH_SEARCH_PATHS = (
					"$(inherited)",
					"@executable_path/Frameworks",
				);
				PRODUCT_BUNDLE_IDENTIFIER = com.infectiousgrin.mkmapview;
				PRODUCT_NAME = "$(TARGET_NAME)";
				SWIFT_VERSION = 5.0;
				TARGETED_DEVICE_FAMILY = "1,2";
			};
			name = Debug;
		};
		23C6597B22FC80F200E2E2BD /* Release */ = {
			isa = XCBuildConfiguration;
			buildSettings = {
				ASSETCATALOG_COMPILER_APPICON_NAME = AppIcon;
				CODE_SIGN_STYLE = Automatic;
				DEVELOPMENT_TEAM = A45UT7X2TX;
				INFOPLIST_FILE = mkmapview/Info.plist;
				LD_RUNPATH_SEARCH_PATHS = (
					"$(inherited)",
					"@executable_path/Frameworks",
				);
				PRODUCT_BUNDLE_IDENTIFIER = com.infectiousgrin.mkmapview;
				PRODUCT_NAME = "$(TARGET_NAME)";
				SWIFT_VERSION = 5.0;
				TARGETED_DEVICE_FAMILY = "1,2";
			};
			name = Release;
		};
/* End XCBuildConfiguration section */

/* Begin XCConfigurationList section */
		23C6596222FC80F100E2E2BD /* Build configuration list for PBXProject "mkmapview" */ = {
			isa = XCConfigurationList;
			buildConfigurations = (
				23C6597722FC80F200E2E2BD /* Debug */,
				23C6597822FC80F200E2E2BD /* Release */,
			);
			defaultConfigurationIsVisible = 0;
			defaultConfigurationName = Release;
		};
		23C6597922FC80F200E2E2BD /* Build configuration list for PBXNativeTarget "mkmapview" */ = {
			isa = XCConfigurationList;
			buildConfigurations = (
				23C6597A22FC80F200E2E2BD /* Debug */,
				23C6597B22FC80F200E2E2BD /* Release */,
			);
			defaultConfigurationIsVisible = 0;
			defaultConfigurationName = Release;
		};
/* End XCConfigurationList section */
	};
	rootObject = 23C6595F22FC80F100E2E2BD /* Project object */;
}
